// !$*UTF8*$!
{
	archiveVersion = 1;
	classes = {
	};
	objectVersion = 46;
	objects = {

/* Begin PBXBuildFile section */
		4B9526E91EE2268B0010B32D /* AppDelegate.swift in Sources */ = {isa = PBXBuildFile; fileRef = 4B9526E81EE2268B0010B32D /* AppDelegate.swift */; };
		4B9526EB1EE2268B0010B32D /* ViewController.swift in Sources */ = {isa = PBXBuildFile; fileRef = 4B9526EA1EE2268B0010B32D /* ViewController.swift */; };
		4B9526EE1EE2268B0010B32D /* Main.storyboard in Resources */ = {isa = PBXBuildFile; fileRef = 4B9526EC1EE2268B0010B32D /* Main.storyboard */; };
		4B9526F01EE2268B0010B32D /* Assets.xcassets in Resources */ = {isa = PBXBuildFile; fileRef = 4B9526EF1EE2268B0010B32D /* Assets.xcassets */; };
		4B9526F31EE2268B0010B32D /* LaunchScreen.storyboard in Resources */ = {isa = PBXBuildFile; fileRef = 4B9526F11EE2268B0010B32D /* LaunchScreen.storyboard */; };
		4B9526FE1EE2268B0010B32D /* RingoTests.swift in Sources */ = {isa = PBXBuildFile; fileRef = 4B9526FD1EE2268B0010B32D /* RingoTests.swift */; };
		4B9527091EE2268B0010B32D /* RingoUITests.swift in Sources */ = {isa = PBXBuildFile; fileRef = 4B9527081EE2268B0010B32D /* RingoUITests.swift */; };
		4B9527171EE297CF0010B32D /* Vacuum.png in Resources */ = {isa = PBXBuildFile; fileRef = 4B9527161EE297CF0010B32D /* Vacuum.png */; };
		4B95271B1EE29A3A0010B32D /* BoardViewController.swift in Sources */ = {isa = PBXBuildFile; fileRef = 4B95271A1EE29A3A0010B32D /* BoardViewController.swift */; };
/* End PBXBuildFile section */

/* Begin PBXContainerItemProxy section */
		4B9526FA1EE2268B0010B32D /* PBXContainerItemProxy */ = {
			isa = PBXContainerItemProxy;
			containerPortal = 4B9526DD1EE2268B0010B32D /* Project object */;
			proxyType = 1;
			remoteGlobalIDString = 4B9526E41EE2268B0010B32D;
			remoteInfo = Ringo;
		};
		4B9527051EE2268B0010B32D /* PBXContainerItemProxy */ = {
			isa = PBXContainerItemProxy;
			containerPortal = 4B9526DD1EE2268B0010B32D /* Project object */;
			proxyType = 1;
			remoteGlobalIDString = 4B9526E41EE2268B0010B32D;
			remoteInfo = Ringo;
		};
/* End PBXContainerItemProxy section */

/* Begin PBXFileReference section */
		4B9526E51EE2268B0010B32D /* Ringo.app */ = {isa = PBXFileReference; explicitFileType = wrapper.application; includeInIndex = 0; path = Ringo.app; sourceTree = BUILT_PRODUCTS_DIR; };
		4B9526E81EE2268B0010B32D /* AppDelegate.swift */ = {isa = PBXFileReference; lastKnownFileType = sourcecode.swift; path = AppDelegate.swift; sourceTree = "<group>"; };
		4B9526EA1EE2268B0010B32D /* ViewController.swift */ = {isa = PBXFileReference; lastKnownFileType = sourcecode.swift; path = ViewController.swift; sourceTree = "<group>"; };
		4B9526ED1EE2268B0010B32D /* Base */ = {isa = PBXFileReference; lastKnownFileType = file.storyboard; name = Base; path = Base.lproj/Main.storyboard; sourceTree = "<group>"; };
		4B9526EF1EE2268B0010B32D /* Assets.xcassets */ = {isa = PBXFileReference; lastKnownFileType = folder.assetcatalog; path = Assets.xcassets; sourceTree = "<group>"; };
		4B9526F21EE2268B0010B32D /* Base */ = {isa = PBXFileReference; lastKnownFileType = file.storyboard; name = Base; path = Base.lproj/LaunchScreen.storyboard; sourceTree = "<group>"; };
		4B9526F41EE2268B0010B32D /* Info.plist */ = {isa = PBXFileReference; lastKnownFileType = text.plist.xml; path = Info.plist; sourceTree = "<group>"; };
		4B9526F91EE2268B0010B32D /* RingoTests.xctest */ = {isa = PBXFileReference; explicitFileType = wrapper.cfbundle; includeInIndex = 0; path = RingoTests.xctest; sourceTree = BUILT_PRODUCTS_DIR; };
		4B9526FD1EE2268B0010B32D /* RingoTests.swift */ = {isa = PBXFileReference; lastKnownFileType = sourcecode.swift; path = RingoTests.swift; sourceTree = "<group>"; };
		4B9526FF1EE2268B0010B32D /* Info.plist */ = {isa = PBXFileReference; lastKnownFileType = text.plist.xml; path = Info.plist; sourceTree = "<group>"; };
		4B9527041EE2268B0010B32D /* RingoUITests.xctest */ = {isa = PBXFileReference; explicitFileType = wrapper.cfbundle; includeInIndex = 0; path = RingoUITests.xctest; sourceTree = BUILT_PRODUCTS_DIR; };
		4B9527081EE2268B0010B32D /* RingoUITests.swift */ = {isa = PBXFileReference; lastKnownFileType = sourcecode.swift; path = RingoUITests.swift; sourceTree = "<group>"; };
		4B95270A1EE2268B0010B32D /* Info.plist */ = {isa = PBXFileReference; lastKnownFileType = text.plist.xml; path = Info.plist; sourceTree = "<group>"; };
		4B9527161EE297CF0010B32D /* Vacuum.png */ = {isa = PBXFileReference; lastKnownFileType = image.png; name = Vacuum.png; path = ../../../../../Desktop/Vacuum.png; sourceTree = "<group>"; };
		4B95271A1EE29A3A0010B32D /* BoardViewController.swift */ = {isa = PBXFileReference; fileEncoding = 4; lastKnownFileType = sourcecode.swift; lineEnding = 0; path = BoardViewController.swift; sourceTree = "<group>"; usesTabs = 0; };
/* End PBXFileReference section */

/* Begin PBXFrameworksBuildPhase section */
		4B9526E21EE2268B0010B32D /* Frameworks */ = {
			isa = PBXFrameworksBuildPhase;
			buildActionMask = 2147483647;
			files = (
			);
			runOnlyForDeploymentPostprocessing = 0;
		};
		4B9526F61EE2268B0010B32D /* Frameworks */ = {
			isa = PBXFrameworksBuildPhase;
			buildActionMask = 2147483647;
			files = (
			);
			runOnlyForDeploymentPostprocessing = 0;
		};
		4B9527011EE2268B0010B32D /* Frameworks */ = {
			isa = PBXFrameworksBuildPhase;
			buildActionMask = 2147483647;
			files = (
			);
			runOnlyForDeploymentPostprocessing = 0;
		};
/* End PBXFrameworksBuildPhase section */

/* Begin PBXGroup section */
		4B9526DC1EE2268A0010B32D = {
			isa = PBXGroup;
			children = (
				4B9526E71EE2268B0010B32D /* Ringo */,
				4B9526FC1EE2268B0010B32D /* RingoTests */,
				4B9527071EE2268B0010B32D /* RingoUITests */,
				4B9526E61EE2268B0010B32D /* Products */,
			);
			sourceTree = "<group>";
		};
		4B9526E61EE2268B0010B32D /* Products */ = {
			isa = PBXGroup;
			children = (
				4B9526E51EE2268B0010B32D /* Ringo.app */,
				4B9526F91EE2268B0010B32D /* RingoTests.xctest */,
				4B9527041EE2268B0010B32D /* RingoUITests.xctest */,
			);
			name = Products;
			sourceTree = "<group>";
		};
		4B9526E71EE2268B0010B32D /* Ringo */ = {
			isa = PBXGroup;
			children = (
				4B9526E81EE2268B0010B32D /* AppDelegate.swift */,
				4B9526EA1EE2268B0010B32D /* ViewController.swift */,
				4B95271A1EE29A3A0010B32D /* BoardViewController.swift */,
				4B9526EC1EE2268B0010B32D /* Main.storyboard */,
				4B9526EF1EE2268B0010B32D /* Assets.xcassets */,
				4B9526F11EE2268B0010B32D /* LaunchScreen.storyboard */,
				4B9527161EE297CF0010B32D /* Vacuum.png */,
				4B9526F41EE2268B0010B32D /* Info.plist */,
			);
			path = Ringo;
			sourceTree = "<group>";
		};
		4B9526FC1EE2268B0010B32D /* RingoTests */ = {
			isa = PBXGroup;
			children = (
				4B9526FD1EE2268B0010B32D /* RingoTests.swift */,
				4B9526FF1EE2268B0010B32D /* Info.plist */,
			);
			path = RingoTests;
			sourceTree = "<group>";
		};
		4B9527071EE2268B0010B32D /* RingoUITests */ = {
			isa = PBXGroup;
			children = (
				4B9527081EE2268B0010B32D /* RingoUITests.swift */,
				4B95270A1EE2268B0010B32D /* Info.plist */,
			);
			path = RingoUITests;
			sourceTree = "<group>";
		};
/* End PBXGroup section */

/* Begin PBXNativeTarget section */
		4B9526E41EE2268B0010B32D /* Ringo */ = {
			isa = PBXNativeTarget;
			buildConfigurationList = 4B95270D1EE2268B0010B32D /* Build configuration list for PBXNativeTarget "Ringo" */;
			buildPhases = (
				4B9526E11EE2268B0010B32D /* Sources */,
				4B9526E21EE2268B0010B32D /* Frameworks */,
				4B9526E31EE2268B0010B32D /* Resources */,
			);
			buildRules = (
			);
			dependencies = (
			);
			name = Ringo;
			productName = Ringo;
			productReference = 4B9526E51EE2268B0010B32D /* Ringo.app */;
			productType = "com.apple.product-type.application";
		};
		4B9526F81EE2268B0010B32D /* RingoTests */ = {
			isa = PBXNativeTarget;
			buildConfigurationList = 4B9527101EE2268B0010B32D /* Build configuration list for PBXNativeTarget "RingoTests" */;
			buildPhases = (
				4B9526F51EE2268B0010B32D /* Sources */,
				4B9526F61EE2268B0010B32D /* Frameworks */,
				4B9526F71EE2268B0010B32D /* Resources */,
			);
			buildRules = (
			);
			dependencies = (
				4B9526FB1EE2268B0010B32D /* PBXTargetDependency */,
			);
			name = RingoTests;
			productName = RingoTests;
			productReference = 4B9526F91EE2268B0010B32D /* RingoTests.xctest */;
			productType = "com.apple.product-type.bundle.unit-test";
		};
		4B9527031EE2268B0010B32D /* RingoUITests */ = {
			isa = PBXNativeTarget;
			buildConfigurationList = 4B9527131EE2268B0010B32D /* Build configuration list for PBXNativeTarget "RingoUITests" */;
			buildPhases = (
				4B9527001EE2268B0010B32D /* Sources */,
				4B9527011EE2268B0010B32D /* Frameworks */,
				4B9527021EE2268B0010B32D /* Resources */,
			);
			buildRules = (
			);
			dependencies = (
				4B9527061EE2268B0010B32D /* PBXTargetDependency */,
			);
			name = RingoUITests;
			productName = RingoUITests;
			productReference = 4B9527041EE2268B0010B32D /* RingoUITests.xctest */;
			productType = "com.apple.product-type.bundle.ui-testing";
		};
/* End PBXNativeTarget section */

/* Begin PBXProject section */
		4B9526DD1EE2268B0010B32D /* Project object */ = {
			isa = PBXProject;
			attributes = {
				LastSwiftUpdateCheck = 0830;
				LastUpgradeCheck = 0830;
				ORGANIZATIONNAME = "Julia Chen";
				TargetAttributes = {
					4B9526E41EE2268B0010B32D = {
						CreatedOnToolsVersion = 8.3.2;
						ProvisioningStyle = Automatic;
					};
					4B9526F81EE2268B0010B32D = {
						CreatedOnToolsVersion = 8.3.2;
						ProvisioningStyle = Automatic;
						TestTargetID = 4B9526E41EE2268B0010B32D;
					};
					4B9527031EE2268B0010B32D = {
						CreatedOnToolsVersion = 8.3.2;
						ProvisioningStyle = Automatic;
						TestTargetID = 4B9526E41EE2268B0010B32D;
					};
				};
			};
			buildConfigurationList = 4B9526E01EE2268B0010B32D /* Build configuration list for PBXProject "Ringo" */;
			compatibilityVersion = "Xcode 3.2";
			developmentRegion = English;
			hasScannedForEncodings = 0;
			knownRegions = (
				en,
				Base,
			);
			mainGroup = 4B9526DC1EE2268A0010B32D;
			productRefGroup = 4B9526E61EE2268B0010B32D /* Products */;
			projectDirPath = "";
			projectRoot = "";
			targets = (
				4B9526E41EE2268B0010B32D /* Ringo */,
				4B9526F81EE2268B0010B32D /* RingoTests */,
				4B9527031EE2268B0010B32D /* RingoUITests */,
			);
		};
/* End PBXProject section */

/* Begin PBXResourcesBuildPhase section */
		4B9526E31EE2268B0010B32D /* Resources */ = {
			isa = PBXResourcesBuildPhase;
			buildActionMask = 2147483647;
			files = (
				4B9527171EE297CF0010B32D /* Vacuum.png in Resources */,
				4B9526F31EE2268B0010B32D /* LaunchScreen.storyboard in Resources */,
				4B9526F01EE2268B0010B32D /* Assets.xcassets in Resources */,
				4B9526EE1EE2268B0010B32D /* Main.storyboard in Resources */,
			);
			runOnlyForDeploymentPostprocessing = 0;
		};
		4B9526F71EE2268B0010B32D /* Resources */ = {
			isa = PBXResourcesBuildPhase;
			buildActionMask = 2147483647;
			files = (
			);
			runOnlyForDeploymentPostprocessing = 0;
		};
		4B9527021EE2268B0010B32D /* Resources */ = {
			isa = PBXResourcesBuildPhase;
			buildActionMask = 2147483647;
			files = (
			);
			runOnlyForDeploymentPostprocessing = 0;
		};
/* End PBXResourcesBuildPhase section */

/* Begin PBXSourcesBuildPhase section */
		4B9526E11EE2268B0010B32D /* Sources */ = {
			isa = PBXSourcesBuildPhase;
			buildActionMask = 2147483647;
			files = (
				4B9526EB1EE2268B0010B32D /* ViewController.swift in Sources */,
				4B9526E91EE2268B0010B32D /* AppDelegate.swift in Sources */,
				4B95271B1EE29A3A0010B32D /* BoardViewController.swift in Sources */,
			);
			runOnlyForDeploymentPostprocessing = 0;
		};
		4B9526F51EE2268B0010B32D /* Sources */ = {
			isa = PBXSourcesBuildPhase;
			buildActionMask = 2147483647;
			files = (
				4B9526FE1EE2268B0010B32D /* RingoTests.swift in Sources */,
			);
			runOnlyForDeploymentPostprocessing = 0;
		};
		4B9527001EE2268B0010B32D /* Sources */ = {
			isa = PBXSourcesBuildPhase;
			buildActionMask = 2147483647;
			files = (
				4B9527091EE2268B0010B32D /* RingoUITests.swift in Sources */,
			);
			runOnlyForDeploymentPostprocessing = 0;
		};
/* End PBXSourcesBuildPhase section */

/* Begin PBXTargetDependency section */
		4B9526FB1EE2268B0010B32D /* PBXTargetDependency */ = {
			isa = PBXTargetDependency;
			target = 4B9526E41EE2268B0010B32D /* Ringo */;
			targetProxy = 4B9526FA1EE2268B0010B32D /* PBXContainerItemProxy */;
		};
		4B9527061EE2268B0010B32D /* PBXTargetDependency */ = {
			isa = PBXTargetDependency;
			target = 4B9526E41EE2268B0010B32D /* Ringo */;
			targetProxy = 4B9527051EE2268B0010B32D /* PBXContainerItemProxy */;
		};
/* End PBXTargetDependency section */

/* Begin PBXVariantGroup section */
		4B9526EC1EE2268B0010B32D /* Main.storyboard */ = {
			isa = PBXVariantGroup;
			children = (
				4B9526ED1EE2268B0010B32D /* Base */,
			);
			name = Main.storyboard;
			sourceTree = "<group>";
		};
		4B9526F11EE2268B0010B32D /* LaunchScreen.storyboard */ = {
			isa = PBXVariantGroup;
			children = (
				4B9526F21EE2268B0010B32D /* Base */,
			);
			name = LaunchScreen.storyboard;
			sourceTree = "<group>";
		};
/* End PBXVariantGroup section */

/* Begin XCBuildConfiguration section */
		4B95270B1EE2268B0010B32D /* Debug */ = {
			isa = XCBuildConfiguration;
			buildSettings = {
				ALWAYS_SEARCH_USER_PATHS = NO;
				CLANG_ANALYZER_NONNULL = YES;
				CLANG_ANALYZER_NUMBER_OBJECT_CONVERSION = YES_AGGRESSIVE;
				CLANG_CXX_LANGUAGE_STANDARD = "gnu++0x";
				CLANG_CXX_LIBRARY = "libc++";
				CLANG_ENABLE_MODULES = YES;
				CLANG_ENABLE_OBJC_ARC = YES;
				CLANG_WARN_BOOL_CONVERSION = YES;
				CLANG_WARN_CONSTANT_CONVERSION = YES;
				CLANG_WARN_DIRECT_OBJC_ISA_USAGE = YES_ERROR;
				CLANG_WARN_DOCUMENTATION_COMMENTS = YES;
				CLANG_WARN_EMPTY_BODY = YES;
				CLANG_WARN_ENUM_CONVERSION = YES;
				CLANG_WARN_INFINITE_RECURSION = YES;
				CLANG_WARN_INT_CONVERSION = YES;
				CLANG_WARN_OBJC_ROOT_CLASS = YES_ERROR;
				CLANG_WARN_SUSPICIOUS_MOVE = YES;
				CLANG_WARN_UNREACHABLE_CODE = YES;
				CLANG_WARN__DUPLICATE_METHOD_MATCH = YES;
				"CODE_SIGN_IDENTITY[sdk=iphoneos*]" = "iPhone Developer";
				COPY_PHASE_STRIP = NO;
				DEBUG_INFORMATION_FORMAT = dwarf;
				ENABLE_STRICT_OBJC_MSGSEND = YES;
				ENABLE_TESTABILITY = YES;
				GCC_C_LANGUAGE_STANDARD = gnu99;
				GCC_DYNAMIC_NO_PIC = NO;
				GCC_NO_COMMON_BLOCKS = YES;
				GCC_OPTIMIZATION_LEVEL = 0;
				GCC_PREPROCESSOR_DEFINITIONS = (
					"DEBUG=1",
					"$(inherited)",
				);
				GCC_WARN_64_TO_32_BIT_CONVERSION = YES;
				GCC_WARN_ABOUT_RETURN_TYPE = YES_ERROR;
				GCC_WARN_UNDECLARED_SELECTOR = YES;
				GCC_WARN_UNINITIALIZED_AUTOS = YES_AGGRESSIVE;
				GCC_WARN_UNUSED_FUNCTION = YES;
				GCC_WARN_UNUSED_VARIABLE = YES;
				IPHONEOS_DEPLOYMENT_TARGET = 10.3;
				MTL_ENABLE_DEBUG_INFO = YES;
				ONLY_ACTIVE_ARCH = YES;
				SDKROOT = iphoneos;
				SWIFT_ACTIVE_COMPILATION_CONDITIONS = DEBUG;
				SWIFT_OPTIMIZATION_LEVEL = "-Onone";
				TARGETED_DEVICE_FAMILY = "1,2";
			};
			name = Debug;
		};
		4B95270C1EE2268B0010B32D /* Release */ = {
			isa = XCBuildConfiguration;
			buildSettings = {
				ALWAYS_SEARCH_USER_PATHS = NO;
				CLANG_ANALYZER_NONNULL = YES;
				CLANG_ANALYZER_NUMBER_OBJECT_CONVERSION = YES_AGGRESSIVE;
				CLANG_CXX_LANGUAGE_STANDARD = "gnu++0x";
				CLANG_CXX_LIBRARY = "libc++";
				CLANG_ENABLE_MODULES = YES;
				CLANG_ENABLE_OBJC_ARC = YES;
				CLANG_WARN_BOOL_CONVERSION = YES;
				CLANG_WARN_CONSTANT_CONVERSION = YES;
				CLANG_WARN_DIRECT_OBJC_ISA_USAGE = YES_ERROR;
				CLANG_WARN_DOCUMENTATION_COMMENTS = YES;
				CLANG_WARN_EMPTY_BODY = YES;
				CLANG_WARN_ENUM_CONVERSION = YES;
				CLANG_WARN_INFINITE_RECURSION = YES;
				CLANG_WARN_INT_CONVERSION = YES;
				CLANG_WARN_OBJC_ROOT_CLASS = YES_ERROR;
				CLANG_WARN_SUSPICIOUS_MOVE = YES;
				CLANG_WARN_UNREACHABLE_CODE = YES;
				CLANG_WARN__DUPLICATE_METHOD_MATCH = YES;
				"CODE_SIGN_IDENTITY[sdk=iphoneos*]" = "iPhone Developer";
				COPY_PHASE_STRIP = NO;
				DEBUG_INFORMATION_FORMAT = "dwarf-with-dsym";
				ENABLE_NS_ASSERTIONS = NO;
				ENABLE_STRICT_OBJC_MSGSEND = YES;
				GCC_C_LANGUAGE_STANDARD = gnu99;
				GCC_NO_COMMON_BLOCKS = YES;
				GCC_WARN_64_TO_32_BIT_CONVERSION = YES;
				GCC_WARN_ABOUT_RETURN_TYPE = YES_ERROR;
				GCC_WARN_UNDECLARED_SELECTOR = YES;
				GCC_WARN_UNINITIALIZED_AUTOS = YES_AGGRESSIVE;
				GCC_WARN_UNUSED_FUNCTION = YES;
				GCC_WARN_UNUSED_VARIABLE = YES;
				IPHONEOS_DEPLOYMENT_TARGET = 10.3;
				MTL_ENABLE_DEBUG_INFO = NO;
				SDKROOT = iphoneos;
				SWIFT_OPTIMIZATION_LEVEL = "-Owholemodule";
				TARGETED_DEVICE_FAMILY = "1,2";
				VALIDATE_PRODUCT = YES;
			};
			name = Release;
		};
		4B95270E1EE2268B0010B32D /* Debug */ = {
			isa = XCBuildConfiguration;
			buildSettings = {
				ASSETCATALOG_COMPILER_APPICON_NAME = AppIcon;
				INFOPLIST_FILE = Ringo/Info.plist;
				LD_RUNPATH_SEARCH_PATHS = "$(inherited) @executable_path/Frameworks";
				PRODUCT_BUNDLE_IDENTIFIER = com.example.Ringo;
				PRODUCT_NAME = "$(TARGET_NAME)";
				SWIFT_VERSION = 3.0;
				TARGETED_DEVICE_FAMILY = 1;
			};
			name = Debug;
		};
		4B95270F1EE2268B0010B32D /* Release */ = {
			isa = XCBuildConfiguration;
			buildSettings = {
				ASSETCATALOG_COMPILER_APPICON_NAME = AppIcon;
				INFOPLIST_FILE = Ringo/Info.plist;
				LD_RUNPATH_SEARCH_PATHS = "$(inherited) @executable_path/Frameworks";
				PRODUCT_BUNDLE_IDENTIFIER = com.example.Ringo;
				PRODUCT_NAME = "$(TARGET_NAME)";
				SWIFT_VERSION = 3.0;
				TARGETED_DEVICE_FAMILY = 1;
			};
			name = Release;
		};
		4B9527111EE2268B0010B32D /* Debug */ = {
			isa = XCBuildConfiguration;
			buildSettings = {
				ALWAYS_EMBED_SWIFT_STANDARD_LIBRARIES = YES;
				BUNDLE_LOADER = "$(TEST_HOST)";
				INFOPLIST_FILE = RingoTests/Info.plist;
				LD_RUNPATH_SEARCH_PATHS = "$(inherited) @executable_path/Frameworks @loader_path/Frameworks";
				PRODUCT_BUNDLE_IDENTIFIER = com.example.RingoTests;
				PRODUCT_NAME = "$(TARGET_NAME)";
				SWIFT_VERSION = 3.0;
				TEST_HOST = "$(BUILT_PRODUCTS_DIR)/Ringo.app/Ringo";
			};
			name = Debug;
		};
		4B9527121EE2268B0010B32D /* Release */ = {
			isa = XCBuildConfiguration;
			buildSettings = {
				ALWAYS_EMBED_SWIFT_STANDARD_LIBRARIES = YES;
				BUNDLE_LOADER = "$(TEST_HOST)";
				INFOPLIST_FILE = RingoTests/Info.plist;
				LD_RUNPATH_SEARCH_PATHS = "$(inherited) @executable_path/Frameworks @loader_path/Frameworks";
				PRODUCT_BUNDLE_IDENTIFIER = com.example.RingoTests;
				PRODUCT_NAME = "$(TARGET_NAME)";
				SWIFT_VERSION = 3.0;
				TEST_HOST = "$(BUILT_PRODUCTS_DIR)/Ringo.app/Ringo";
			};
			name = Release;
		};
		4B9527141EE2268B0010B32D /* Debug */ = {
			isa = XCBuildConfiguration;
			buildSettings = {
				ALWAYS_EMBED_SWIFT_STANDARD_LIBRARIES = YES;
				INFOPLIST_FILE = RingoUITests/Info.plist;
				LD_RUNPATH_SEARCH_PATHS = "$(inherited) @executable_path/Frameworks @loader_path/Frameworks";
				PRODUCT_BUNDLE_IDENTIFIER = com.example.RingoUITests;
				PRODUCT_NAME = "$(TARGET_NAME)";
				SWIFT_VERSION = 3.0;
				TEST_TARGET_NAME = Ringo;
			};
			name = Debug;
		};
		4B9527151EE2268B0010B32D /* Release */ = {
			isa = XCBuildConfiguration;
			buildSettings = {
				ALWAYS_EMBED_SWIFT_STANDARD_LIBRARIES = YES;
				INFOPLIST_FILE = RingoUITests/Info.plist;
				LD_RUNPATH_SEARCH_PATHS = "$(inherited) @executable_path/Frameworks @loader_path/Frameworks";
				PRODUCT_BUNDLE_IDENTIFIER = com.example.RingoUITests;
				PRODUCT_NAME = "$(TARGET_NAME)";
				SWIFT_VERSION = 3.0;
				TEST_TARGET_NAME = Ringo;
			};
			name = Release;
		};
/* End XCBuildConfiguration section */

/* Begin XCConfigurationList section */
		4B9526E01EE2268B0010B32D /* Build configuration list for PBXProject "Ringo" */ = {
			isa = XCConfigurationList;
			buildConfigurations = (
				4B95270B1EE2268B0010B32D /* Debug */,
				4B95270C1EE2268B0010B32D /* Release */,
			);
			defaultConfigurationIsVisible = 0;
			defaultConfigurationName = Release;
		};
		4B95270D1EE2268B0010B32D /* Build configuration list for PBXNativeTarget "Ringo" */ = {
			isa = XCConfigurationList;
			buildConfigurations = (
				4B95270E1EE2268B0010B32D /* Debug */,
				4B95270F1EE2268B0010B32D /* Release */,
			);
			defaultConfigurationIsVisible = 0;
			defaultConfigurationName = Release;
		};
		4B9527101EE2268B0010B32D /* Build configuration list for PBXNativeTarget "RingoTests" */ = {
			isa = XCConfigurationList;
			buildConfigurations = (
				4B9527111EE2268B0010B32D /* Debug */,
				4B9527121EE2268B0010B32D /* Release */,
			);
			defaultConfigurationIsVisible = 0;
			defaultConfigurationName = Release;
		};
		4B9527131EE2268B0010B32D /* Build configuration list for PBXNativeTarget "RingoUITests" */ = {
			isa = XCConfigurationList;
			buildConfigurations = (
				4B9527141EE2268B0010B32D /* Debug */,
				4B9527151EE2268B0010B32D /* Release */,
			);
			defaultConfigurationIsVisible = 0;
			defaultConfigurationName = Release;
		};
/* End XCConfigurationList section */
	};
	rootObject = 4B9526DD1EE2268B0010B32D /* Project object */;
}
